// !$*UTF8*$!
{
	archiveVersion = 1;
	classes = {
	};
	objectVersion = 48;
	objects = {

/* Begin PBXBuildFile section */
		9917AC361F94EB2900EEF9CE /* AppDelegate.swift in Sources */ = {isa = PBXBuildFile; fileRef = 9917AC351F94EB2900EEF9CE /* AppDelegate.swift */; };
		9917AC381F94EB2900EEF9CE /* ViewController.swift in Sources */ = {isa = PBXBuildFile; fileRef = 9917AC371F94EB2900EEF9CE /* ViewController.swift */; };
		9917AC3B1F94EB2900EEF9CE /* Main.storyboard in Resources */ = {isa = PBXBuildFile; fileRef = 9917AC391F94EB2900EEF9CE /* Main.storyboard */; };
		9917AC3E1F94EB2900EEF9CE /* AthakSeva_Exec.xcdatamodeld in Sources */ = {isa = PBXBuildFile; fileRef = 9917AC3C1F94EB2900EEF9CE /* AthakSeva_Exec.xcdatamodeld */; };
		9917AC401F94EB2900EEF9CE /* Assets.xcassets in Resources */ = {isa = PBXBuildFile; fileRef = 9917AC3F1F94EB2900EEF9CE /* Assets.xcassets */; };
		9917AC431F94EB2900EEF9CE /* LaunchScreen.storyboard in Resources */ = {isa = PBXBuildFile; fileRef = 9917AC411F94EB2900EEF9CE /* LaunchScreen.storyboard */; };
/* End PBXBuildFile section */

/* Begin PBXFileReference section */
		9917AC321F94EB2900EEF9CE /* AthakSeva-Exec.app */ = {isa = PBXFileReference; explicitFileType = wrapper.application; includeInIndex = 0; path = "AthakSeva-Exec.app"; sourceTree = BUILT_PRODUCTS_DIR; };
		9917AC351F94EB2900EEF9CE /* AppDelegate.swift */ = {isa = PBXFileReference; lastKnownFileType = sourcecode.swift; path = AppDelegate.swift; sourceTree = "<group>"; };
		9917AC371F94EB2900EEF9CE /* ViewController.swift */ = {isa = PBXFileReference; lastKnownFileType = sourcecode.swift; path = ViewController.swift; sourceTree = "<group>"; };
		9917AC3A1F94EB2900EEF9CE /* Base */ = {isa = PBXFileReference; lastKnownFileType = file.storyboard; name = Base; path = Base.lproj/Main.storyboard; sourceTree = "<group>"; };
		9917AC3D1F94EB2900EEF9CE /* AthakSeva_Exec.xcdatamodel */ = {isa = PBXFileReference; lastKnownFileType = wrapper.xcdatamodel; path = AthakSeva_Exec.xcdatamodel; sourceTree = "<group>"; };
		9917AC3F1F94EB2900EEF9CE /* Assets.xcassets */ = {isa = PBXFileReference; lastKnownFileType = folder.assetcatalog; path = Assets.xcassets; sourceTree = "<group>"; };
		9917AC421F94EB2900EEF9CE /* Base */ = {isa = PBXFileReference; lastKnownFileType = file.storyboard; name = Base; path = Base.lproj/LaunchScreen.storyboard; sourceTree = "<group>"; };
		9917AC441F94EB2900EEF9CE /* Info.plist */ = {isa = PBXFileReference; lastKnownFileType = text.plist.xml; path = Info.plist; sourceTree = "<group>"; };
/* End PBXFileReference section */

/* Begin PBXFrameworksBuildPhase section */
		9917AC2F1F94EB2900EEF9CE /* Frameworks */ = {
			isa = PBXFrameworksBuildPhase;
			buildActionMask = 2147483647;
			files = (
			);
			runOnlyForDeploymentPostprocessing = 0;
		};
/* End PBXFrameworksBuildPhase section */

/* Begin PBXGroup section */
		9917AC291F94EB2900EEF9CE = {
			isa = PBXGroup;
			children = (
				9917AC341F94EB2900EEF9CE /* AthakSeva-Exec */,
				9917AC331F94EB2900EEF9CE /* Products */,
			);
			sourceTree = "<group>";
		};
		9917AC331F94EB2900EEF9CE /* Products */ = {
			isa = PBXGroup;
			children = (
				9917AC321F94EB2900EEF9CE /* AthakSeva-Exec.app */,
			);
			name = Products;
			sourceTree = "<group>";
		};
		9917AC341F94EB2900EEF9CE /* AthakSeva-Exec */ = {
			isa = PBXGroup;
			children = (
				9917AC351F94EB2900EEF9CE /* AppDelegate.swift */,
				9917AC371F94EB2900EEF9CE /* ViewController.swift */,
				9917AC391F94EB2900EEF9CE /* Main.storyboard */,
				9917AC3F1F94EB2900EEF9CE /* Assets.xcassets */,
				9917AC411F94EB2900EEF9CE /* LaunchScreen.storyboard */,
				9917AC441F94EB2900EEF9CE /* Info.plist */,
				9917AC3C1F94EB2900EEF9CE /* AthakSeva_Exec.xcdatamodeld */,
			);
			path = "AthakSeva-Exec";
			sourceTree = "<group>";
		};
/* End PBXGroup section */

/* Begin PBXNativeTarget section */
		9917AC311F94EB2900EEF9CE /* AthakSeva-Exec */ = {
			isa = PBXNativeTarget;
			buildConfigurationList = 9917AC471F94EB2900EEF9CE /* Build configuration list for PBXNativeTarget "AthakSeva-Exec" */;
			buildPhases = (
				9917AC2E1F94EB2900EEF9CE /* Sources */,
				9917AC2F1F94EB2900EEF9CE /* Frameworks */,
				9917AC301F94EB2900EEF9CE /* Resources */,
			);
			buildRules = (
			);
			dependencies = (
			);
			name = "AthakSeva-Exec";
			productName = "AthakSeva-Exec";
			productReference = 9917AC321F94EB2900EEF9CE /* AthakSeva-Exec.app */;
			productType = "com.apple.product-type.application";
		};
/* End PBXNativeTarget section */

/* Begin PBXProject section */
		9917AC2A1F94EB2900EEF9CE /* Project object */ = {
			isa = PBXProject;
			attributes = {
				LastSwiftUpdateCheck = 0900;
				LastUpgradeCheck = 0900;
				ORGANIZATIONNAME = "Siddhant Mahapatra";
				TargetAttributes = {
					9917AC311F94EB2900EEF9CE = {
						CreatedOnToolsVersion = 9.0;
						ProvisioningStyle = Automatic;
					};
				};
			};
			buildConfigurationList = 9917AC2D1F94EB2900EEF9CE /* Build configuration list for PBXProject "AthakSeva-Exec" */;
			compatibilityVersion = "Xcode 8.0";
			developmentRegion = en;
			hasScannedForEncodings = 0;
			knownRegions = (
				en,
				Base,
			);
			mainGroup = 9917AC291F94EB2900EEF9CE;
			productRefGroup = 9917AC331F94EB2900EEF9CE /* Products */;
			projectDirPath = "";
			projectRoot = "";
			targets = (
				9917AC311F94EB2900EEF9CE /* AthakSeva-Exec */,
			);
		};
/* End PBXProject section */

/* Begin PBXResourcesBuildPhase section */
		9917AC301F94EB2900EEF9CE /* Resources */ = {
			isa = PBXResourcesBuildPhase;
			buildActionMask = 2147483647;
			files = (
				9917AC431F94EB2900EEF9CE /* LaunchScreen.storyboard in Resources */,
				9917AC401F94EB2900EEF9CE /* Assets.xcassets in Resources */,
				9917AC3B1F94EB2900EEF9CE /* Main.storyboard in Resources */,
			);
			runOnlyForDeploymentPostprocessing = 0;
		};
/* End PBXResourcesBuildPhase section */

/* Begin PBXSourcesBuildPhase section */
		9917AC2E1F94EB2900EEF9CE /* Sources */ = {
			isa = PBXSourcesBuildPhase;
			buildActionMask = 2147483647;
			files = (
				9917AC381F94EB2900EEF9CE /* ViewController.swift in Sources */,
				9917AC3E1F94EB2900EEF9CE /* AthakSeva_Exec.xcdatamodeld in Sources */,
				9917AC361F94EB2900EEF9CE /* AppDelegate.swift in Sources */,
			);
			runOnlyForDeploymentPostprocessing = 0;
		};
/* End PBXSourcesBuildPhase section */

/* Begin PBXVariantGroup section */
		9917AC391F94EB2900EEF9CE /* Main.storyboard */ = {
			isa = PBXVariantGroup;
			children = (
				9917AC3A1F94EB2900EEF9CE /* Base */,
			);
			name = Main.storyboard;
			sourceTree = "<group>";
		};
		9917AC411F94EB2900EEF9CE /* LaunchScreen.storyboard */ = {
			isa = PBXVariantGroup;
			children = (
				9917AC421F94EB2900EEF9CE /* Base */,
			);
			name = LaunchScreen.storyboard;
			sourceTree = "<group>";
		};
/* End PBXVariantGroup section */

/* Begin XCBuildConfiguration section */
		9917AC451F94EB2900EEF9CE /* Debug */ = {
			isa = XCBuildConfiguration;
			buildSettings = {
				ALWAYS_SEARCH_USER_PATHS = NO;
				CLANG_ANALYZER_NONNULL = YES;
				CLANG_ANALYZER_NUMBER_OBJECT_CONVERSION = YES_AGGRESSIVE;
				CLANG_CXX_LANGUAGE_STANDARD = "gnu++14";
				CLANG_CXX_LIBRARY = "libc++";
				CLANG_ENABLE_MODULES = YES;
				CLANG_ENABLE_OBJC_ARC = YES;
				CLANG_WARN_BLOCK_CAPTURE_AUTORELEASING = YES;
				CLANG_WARN_BOOL_CONVERSION = YES;
				CLANG_WARN_COMMA = YES;
				CLANG_WARN_CONSTANT_CONVERSION = YES;
				CLANG_WARN_DIRECT_OBJC_ISA_USAGE = YES_ERROR;
				CLANG_WARN_DOCUMENTATION_COMMENTS = YES;
				CLANG_WARN_EMPTY_BODY = YES;
				CLANG_WARN_ENUM_CONVERSION = YES;
				CLANG_WARN_INFINITE_RECURSION = YES;
				CLANG_WARN_INT_CONVERSION = YES;
				CLANG_WARN_NON_LITERAL_NULL_CONVERSION = YES;
				CLANG_WARN_OBJC_LITERAL_CONVERSION = YES;
				CLANG_WARN_OBJC_ROOT_CLASS = YES_ERROR;
				CLANG_WARN_RANGE_LOOP_ANALYSIS = YES;
				CLANG_WARN_STRICT_PROTOTYPES = YES;
				CLANG_WARN_SUSPICIOUS_MOVE = YES;
				CLANG_WARN_UNGUARDED_AVAILABILITY = YES_AGGRESSIVE;
				CLANG_WARN_UNREACHABLE_CODE = YES;
				CLANG_WARN__DUPLICATE_METHOD_MATCH = YES;
				CODE_SIGN_IDENTITY = "iPhone Developer";
				COPY_PHASE_STRIP = NO;
				DEBUG_INFORMATION_FORMAT = dwarf;
				ENABLE_STRICT_OBJC_MSGSEND = YES;
				ENABLE_TESTABILITY = YES;
				GCC_C_LANGUAGE_STANDARD = gnu11;
				GCC_DYNAMIC_NO_PIC = NO;
				GCC_NO_COMMON_BLOCKS = YES;
				GCC_OPTIMIZATION_LEVEL = 0;
				GCC_PREPROCESSOR_DEFINITIONS = (
					"DEBUG=1",
					"$(inherited)",
				);
				GCC_WARN_64_TO_32_BIT_CONVERSION = YES;
				GCC_WARN_ABOUT_RETURN_TYPE = YES_ERROR;
				GCC_WARN_UNDECLARED_SELECTOR = YES;
				GCC_WARN_UNINITIALIZED_AUTOS = YES_AGGRESSIVE;
				GCC_WARN_UNUSED_FUNCTION = YES;
				GCC_WARN_UNUSED_VARIABLE = YES;
				IPHONEOS_DEPLOYMENT_TARGET = 11.0;
				MTL_ENABLE_DEBUG_INFO = YES;
				ONLY_ACTIVE_ARCH = YES;
				SDKROOT = iphoneos;
				SWIFT_ACTIVE_COMPILATION_CONDITIONS = DEBUG;
				SWIFT_OPTIMIZATION_LEVEL = "-Onone";
			};
			name = Debug;
		};
		9917AC461F94EB2900EEF9CE /* Release */ = {
			isa = XCBuildConfiguration;
			buildSettings = {
				ALWAYS_SEARCH_USER_PATHS = NO;
				CLANG_ANALYZER_NONNULL = YES;
				CLANG_ANALYZER_NUMBER_OBJECT_CONVERSION = YES_AGGRESSIVE;
				CLANG_CXX_LANGUAGE_STANDARD = "gnu++14";
				CLANG_CXX_LIBRARY = "libc++";
				CLANG_ENABLE_MODULES = YES;
				CLANG_ENABLE_OBJC_ARC = YES;
				CLANG_WARN_BLOCK_CAPTURE_AUTORELEASING = YES;
				CLANG_WARN_BOOL_CONVERSION = YES;
				CLANG_WARN_COMMA = YES;
				CLANG_WARN_CONSTANT_CONVERSION = YES;
				CLANG_WARN_DIRECT_OBJC_ISA_USAGE = YES_ERROR;
				CLANG_WARN_DOCUMENTATION_COMMENTS = YES;
				CLANG_WARN_EMPTY_BODY = YES;
				CLANG_WARN_ENUM_CONVERSION = YES;
				CLANG_WARN_INFINITE_RECURSION = YES;
				CLANG_WARN_INT_CONVERSION = YES;
				CLANG_WARN_NON_LITERAL_NULL_CONVERSION = YES;
				CLANG_WARN_OBJC_LITERAL_CONVERSION = YES;
				CLANG_WARN_OBJC_ROOT_CLASS = YES_ERROR;
				CLANG_WARN_RANGE_LOOP_ANALYSIS = YES;
				CLANG_WARN_STRICT_PROTOTYPES = YES;
				CLANG_WARN_SUSPICIOUS_MOVE = YES;
				CLANG_WARN_UNGUARDED_AVAILABILITY = YES_AGGRESSIVE;
				CLANG_WARN_UNREACHABLE_CODE = YES;
				CLANG_WARN__DUPLICATE_METHOD_MATCH = YES;
				CODE_SIGN_IDENTITY = "iPhone Developer";
				COPY_PHASE_STRIP = NO;
				DEBUG_INFORMATION_FORMAT = "dwarf-with-dsym";
				ENABLE_NS_ASSERTIONS = NO;
				ENABLE_STRICT_OBJC_MSGSEND = YES;
				GCC_C_LANGUAGE_STANDARD = gnu11;
				GCC_NO_COMMON_BLOCKS = YES;
				GCC_WARN_64_TO_32_BIT_CONVERSION = YES;
				GCC_WARN_ABOUT_RETURN_TYPE = YES_ERROR;
				GCC_WARN_UNDECLARED_SELECTOR = YES;
				GCC_WARN_UNINITIALIZED_AUTOS = YES_AGGRESSIVE;
				GCC_WARN_UNUSED_FUNCTION = YES;
				GCC_WARN_UNUSED_VARIABLE = YES;
				IPHONEOS_DEPLOYMENT_TARGET = 11.0;
				MTL_ENABLE_DEBUG_INFO = NO;
				SDKROOT = iphoneos;
				SWIFT_OPTIMIZATION_LEVEL = "-Owholemodule";
				VALIDATE_PRODUCT = YES;
			};
			name = Release;
		};
		9917AC481F94EB2900EEF9CE /* Debug */ = {
			isa = XCBuildConfiguration;
			buildSettings = {
				ASSETCATALOG_COMPILER_APPICON_NAME = AppIcon;
				CODE_SIGN_STYLE = Automatic;
				DEVELOPMENT_TEAM = PG67XH3ELY;
				INFOPLIST_FILE = "AthakSeva-Exec/Info.plist";
				LD_RUNPATH_SEARCH_PATHS = "$(inherited) @executable_path/Frameworks";
				PRODUCT_BUNDLE_IDENTIFIER = "mindartsoft.AthakSeva-Exec";
				PRODUCT_NAME = "$(TARGET_NAME)";
				SWIFT_VERSION = 4.0;
				TARGETED_DEVICE_FAMILY = "1,2";
			};
			name = Debug;
		};
		9917AC491F94EB2900EEF9CE /* Release */ = {
			isa = XCBuildConfiguration;
			buildSettings = {
				ASSETCATALOG_COMPILER_APPICON_NAME = AppIcon;
				CODE_SIGN_STYLE = Automatic;
				DEVELOPMENT_TEAM = PG67XH3ELY;
				INFOPLIST_FILE = "AthakSeva-Exec/Info.plist";
				LD_RUNPATH_SEARCH_PATHS = "$(inherited) @executable_path/Frameworks";
				PRODUCT_BUNDLE_IDENTIFIER = "mindartsoft.AthakSeva-Exec";
				PRODUCT_NAME = "$(TARGET_NAME)";
				SWIFT_VERSION = 4.0;
				TARGETED_DEVICE_FAMILY = "1,2";
			};
			name = Release;
		};
/* End XCBuildConfiguration section */

/* Begin XCConfigurationList section */
		9917AC2D1F94EB2900EEF9CE /* Build configuration list for PBXProject "AthakSeva-Exec" */ = {
			isa = XCConfigurationList;
			buildConfigurations = (
				9917AC451F94EB2900EEF9CE /* Debug */,
				9917AC461F94EB2900EEF9CE /* Release */,
			);
			defaultConfigurationIsVisible = 0;
			defaultConfigurationName = Release;
		};
		9917AC471F94EB2900EEF9CE /* Build configuration list for PBXNativeTarget "AthakSeva-Exec" */ = {
			isa = XCConfigurationList;
			buildConfigurations = (
				9917AC481F94EB2900EEF9CE /* Debug */,
				9917AC491F94EB2900EEF9CE /* Release */,
			);
			defaultConfigurationIsVisible = 0;
			defaultConfigurationName = Release;
		};
/* End XCConfigurationList section */

/* Begin XCVersionGroup section */
		9917AC3C1F94EB2900EEF9CE /* AthakSeva_Exec.xcdatamodeld */ = {
			isa = XCVersionGroup;
			children = (
				9917AC3D1F94EB2900EEF9CE /* AthakSeva_Exec.xcdatamodel */,
			);
			currentVersion = 9917AC3D1F94EB2900EEF9CE /* AthakSeva_Exec.xcdatamodel */;
			path = AthakSeva_Exec.xcdatamodeld;
			sourceTree = "<group>";
			versionGroupType = wrapper.xcdatamodel;
		};
/* End XCVersionGroup section */
	};
	rootObject = 9917AC2A1F94EB2900EEF9CE /* Project object */;
}
